
Microsoft Visual Studio Solution File, Format Version 12.00
# Visual Studio Version 16
VisualStudioVersion = 16.0.30225.117
MinimumVisualStudioVersion = 10.0.40219.1
Project("{FAE04EC0-301F-11D3-BF4B-00C04F79EFBC}") = "inClass8", "inClass8\inClass8.csproj", "{BB58E518-EFB3-4752-A6B7-F0C31F878F16}"
EndProject
Global
	GlobalSection(SolutionConfigurationPlatforms) = preSolution
		Debug|Any CPU = Debug|Any CPU
		Release|Any CPU = Release|Any CPU
	EndGlobalSection
	GlobalSection(ProjectConfigurationPlatforms) = postSolution
		{BB58E518-EFB3-4752-A6B7-F0C31F878F16}.Debug|Any CPU.ActiveCfg = Debug|Any CPU
		{BB58E518-EFB3-4752-A6B7-F0C31F878F16}.Debug|Any CPU.Build.0 = Debug|Any CPU
		{BB58E518-EFB3-4752-A6B7-F0C31F878F16}.Release|Any CPU.ActiveCfg = Release|Any CPU
		{BB58E518-EFB3-4752-A6B7-F0C31F878F16}.Release|Any CPU.Build.0 = Release|Any CPU
	EndGlobalSection
	GlobalSection(SolutionProperties) = preSolution
		HideSolutionNode = FALSE
	EndGlobalSection
	GlobalSection(ExtensibilityGlobals) = postSolution
		SolutionGuid = {291B112F-B2B3-45BD-96B5-597908BE1FCB}
	EndGlobalSection
EndGlobal
